
Microsoft Visual Studio Solution File, Format Version 12.00
# Visual Studio 2013
VisualStudioVersion = 12.0.21005.1
MinimumVisualStudioVersion = 10.0.40219.1
Project("{FAE04EC0-301F-11D3-BF4B-00C04F79EFBC}") = "DbUp", "DbUp\DbUp.csproj", "{2D2C117A-7841-4285-A4CE-E7C4FC64AD9B}"
EndProject
Project("{2150E333-8FDC-42A3-9474-1A3956D46DE8}") = "Information", "Information", "{FA530374-E28B-419B-BCA2-82A0512774F2}"
	ProjectSection(SolutionItems) = preProject
		Information\SolutionInfo.cs = Information\SolutionInfo.cs
		Information\VersionInfo.cs = Information\VersionInfo.cs
	EndProjectSection
EndProject
Project("{2150E333-8FDC-42A3-9474-1A3956D46DE8}") = "Build", "Build", "{C6CF2BB4-BFE4-4531-88D2-85F3EA640563}"
	ProjectSection(SolutionItems) = preProject
		..\build\build.proj = ..\build\build.proj
		..\build\dbup.nuspec = ..\build\dbup.nuspec
		..\build\dbup.sqlce.nuspec = ..\build\dbup.sqlce.nuspec
		..\build\dbup.sqlite.nuspec = ..\build\dbup.sqlite.nuspec
		nuget.config = nuget.config
	EndProjectSection
EndProject
Project("{FAE04EC0-301F-11D3-BF4B-00C04F79EFBC}") = "DbUp.Console", "DbUp.Console\DbUp.Console.csproj", "{C4499BDA-7ED5-4CB6-9B44-E835854D9246}"
EndProject
Project("{FAE04EC0-301F-11D3-BF4B-00C04F79EFBC}") = "DbUp.SqlCe", "DbUp.SqlCe\DbUp.SqlCe.csproj", "{E7EDAFD6-1DD3-4D85-806A-20340032D2A9}"
EndProject
Project("{2150E333-8FDC-42A3-9474-1A3956D46DE8}") = ".nuget", ".nuget", "{05BC06EA-80D8-4746-8C76-62251BAD4192}"
	ProjectSection(SolutionItems) = preProject
		.nuget\packages.config = .nuget\packages.config
	EndProjectSection
EndProject
Project("{FAE04EC0-301F-11D3-BF4B-00C04F79EFBC}") = "DbUp.SQLite", "DbUp.Sqlite\DbUp.SQLite.csproj", "{437CDD05-6DF9-46CB-95C0-36774B10AACB}"
EndProject
Project("{FAE04EC0-301F-11D3-BF4B-00C04F79EFBC}") = "DbUp.Tests", "DbUp.Tests\DbUp.Tests.csproj", "{80A9E08A-13F3-4721-9849-C55167FE21A5}"
EndProject
Project("{FAE04EC0-301F-11D3-BF4B-00C04F79EFBC}") = "DbUp.Postgresql", "DbUp.Postgresql\DbUp.Postgresql.csproj", "{27246D0E-BF23-4315-A946-EA8C93D9BFF1}"
EndProject
Global
	GlobalSection(SolutionConfigurationPlatforms) = preSolution
		Debug|Any CPU = Debug|Any CPU
		Debug|Mixed Platforms = Debug|Mixed Platforms
		Debug|x86 = Debug|x86
		Debug2|Any CPU = Debug2|Any CPU
		Debug2|Mixed Platforms = Debug2|Mixed Platforms
		Debug2|x86 = Debug2|x86
		Default|Any CPU = Default|Any CPU
		Default|Mixed Platforms = Default|Mixed Platforms
		Default|x86 = Default|x86
		Pre|Any CPU = Pre|Any CPU
		Pre|Mixed Platforms = Pre|Mixed Platforms
		Pre|x86 = Pre|x86
		PS|Any CPU = PS|Any CPU
		PS|Mixed Platforms = PS|Mixed Platforms
		PS|x86 = PS|x86
		Release|Any CPU = Release|Any CPU
		Release|Mixed Platforms = Release|Mixed Platforms
		Release|x86 = Release|x86
		Run Debug|Any CPU = Run Debug|Any CPU
		Run Debug|Mixed Platforms = Run Debug|Mixed Platforms
		Run Debug|x86 = Run Debug|x86
		TMPS|Any CPU = TMPS|Any CPU
		TMPS|Mixed Platforms = TMPS|Mixed Platforms
		TMPS|x86 = TMPS|x86
	EndGlobalSection
	GlobalSection(ProjectConfigurationPlatforms) = postSolution
		{2D2C117A-7841-4285-A4CE-E7C4FC64AD9B}.Debug|Any CPU.ActiveCfg = Debug|Any CPU
		{2D2C117A-7841-4285-A4CE-E7C4FC64AD9B}.Debug|Any CPU.Build.0 = Debug|Any CPU
		{2D2C117A-7841-4285-A4CE-E7C4FC64AD9B}.Debug|Mixed Platforms.ActiveCfg = Debug|Any CPU
		{2D2C117A-7841-4285-A4CE-E7C4FC64AD9B}.Debug|Mixed Platforms.Build.0 = Debug|Any CPU
		{2D2C117A-7841-4285-A4CE-E7C4FC64AD9B}.Debug|x86.ActiveCfg = Debug|Any CPU
		{2D2C117A-7841-4285-A4CE-E7C4FC64AD9B}.Debug2|Any CPU.ActiveCfg = Debug2|Any CPU
		{2D2C117A-7841-4285-A4CE-E7C4FC64AD9B}.Debug2|Any CPU.Build.0 = Debug2|Any CPU
		{2D2C117A-7841-4285-A4CE-E7C4FC64AD9B}.Debug2|Mixed Platforms.ActiveCfg = Debug2|Any CPU
		{2D2C117A-7841-4285-A4CE-E7C4FC64AD9B}.Debug2|Mixed Platforms.Build.0 = Debug2|Any CPU
		{2D2C117A-7841-4285-A4CE-E7C4FC64AD9B}.Debug2|x86.ActiveCfg = Debug2|Any CPU
		{2D2C117A-7841-4285-A4CE-E7C4FC64AD9B}.Default|Any CPU.ActiveCfg = Debug|Any CPU
		{2D2C117A-7841-4285-A4CE-E7C4FC64AD9B}.Default|Mixed Platforms.ActiveCfg = Debug|Any CPU
		{2D2C117A-7841-4285-A4CE-E7C4FC64AD9B}.Default|Mixed Platforms.Build.0 = Debug|Any CPU
		{2D2C117A-7841-4285-A4CE-E7C4FC64AD9B}.Default|x86.ActiveCfg = Debug|Any CPU
		{2D2C117A-7841-4285-A4CE-E7C4FC64AD9B}.Pre|Any CPU.ActiveCfg = Pre|Any CPU
		{2D2C117A-7841-4285-A4CE-E7C4FC64AD9B}.Pre|Any CPU.Build.0 = Pre|Any CPU
		{2D2C117A-7841-4285-A4CE-E7C4FC64AD9B}.Pre|Mixed Platforms.ActiveCfg = Pre|Any CPU
		{2D2C117A-7841-4285-A4CE-E7C4FC64AD9B}.Pre|Mixed Platforms.Build.0 = Pre|Any CPU
		{2D2C117A-7841-4285-A4CE-E7C4FC64AD9B}.Pre|x86.ActiveCfg = Pre|Any CPU
		{2D2C117A-7841-4285-A4CE-E7C4FC64AD9B}.PS|Any CPU.ActiveCfg = PS|Any CPU
		{2D2C117A-7841-4285-A4CE-E7C4FC64AD9B}.PS|Any CPU.Build.0 = PS|Any CPU
		{2D2C117A-7841-4285-A4CE-E7C4FC64AD9B}.PS|Mixed Platforms.ActiveCfg = PS|Any CPU
		{2D2C117A-7841-4285-A4CE-E7C4FC64AD9B}.PS|Mixed Platforms.Build.0 = PS|Any CPU
		{2D2C117A-7841-4285-A4CE-E7C4FC64AD9B}.PS|x86.ActiveCfg = PS|Any CPU
		{2D2C117A-7841-4285-A4CE-E7C4FC64AD9B}.Release|Any CPU.ActiveCfg = Release|Any CPU
		{2D2C117A-7841-4285-A4CE-E7C4FC64AD9B}.Release|Any CPU.Build.0 = Release|Any CPU
		{2D2C117A-7841-4285-A4CE-E7C4FC64AD9B}.Release|Mixed Platforms.ActiveCfg = Release|Any CPU
		{2D2C117A-7841-4285-A4CE-E7C4FC64AD9B}.Release|Mixed Platforms.Build.0 = Release|Any CPU
		{2D2C117A-7841-4285-A4CE-E7C4FC64AD9B}.Release|x86.ActiveCfg = Release|Any CPU
		{2D2C117A-7841-4285-A4CE-E7C4FC64AD9B}.Run Debug|Any CPU.ActiveCfg = Run Debug|Any CPU
		{2D2C117A-7841-4285-A4CE-E7C4FC64AD9B}.Run Debug|Any CPU.Build.0 = Run Debug|Any CPU
		{2D2C117A-7841-4285-A4CE-E7C4FC64AD9B}.Run Debug|Mixed Platforms.ActiveCfg = Debug|Any CPU
		{2D2C117A-7841-4285-A4CE-E7C4FC64AD9B}.Run Debug|x86.ActiveCfg = Run Debug|Any CPU
		{2D2C117A-7841-4285-A4CE-E7C4FC64AD9B}.TMPS|Any CPU.ActiveCfg = TMPS|Any CPU
		{2D2C117A-7841-4285-A4CE-E7C4FC64AD9B}.TMPS|Any CPU.Build.0 = TMPS|Any CPU
		{2D2C117A-7841-4285-A4CE-E7C4FC64AD9B}.TMPS|Mixed Platforms.ActiveCfg = TMPS|Any CPU
		{2D2C117A-7841-4285-A4CE-E7C4FC64AD9B}.TMPS|Mixed Platforms.Build.0 = TMPS|Any CPU
		{2D2C117A-7841-4285-A4CE-E7C4FC64AD9B}.TMPS|x86.ActiveCfg = TMPS|Any CPU
		{C4499BDA-7ED5-4CB6-9B44-E835854D9246}.Debug|Any CPU.ActiveCfg = Debug|x86
		{C4499BDA-7ED5-4CB6-9B44-E835854D9246}.Debug|Any CPU.Build.0 = Debug|x86
		{C4499BDA-7ED5-4CB6-9B44-E835854D9246}.Debug|Mixed Platforms.ActiveCfg = Debug|x86
		{C4499BDA-7ED5-4CB6-9B44-E835854D9246}.Debug|Mixed Platforms.Build.0 = Debug|x86
		{C4499BDA-7ED5-4CB6-9B44-E835854D9246}.Debug|x86.ActiveCfg = Debug|x86
		{C4499BDA-7ED5-4CB6-9B44-E835854D9246}.Debug|x86.Build.0 = Debug|x86
		{C4499BDA-7ED5-4CB6-9B44-E835854D9246}.Debug2|Any CPU.ActiveCfg = Debug2|x86
		{C4499BDA-7ED5-4CB6-9B44-E835854D9246}.Debug2|Mixed Platforms.ActiveCfg = Debug2|x86
		{C4499BDA-7ED5-4CB6-9B44-E835854D9246}.Debug2|Mixed Platforms.Build.0 = Debug2|x86
		{C4499BDA-7ED5-4CB6-9B44-E835854D9246}.Debug2|x86.ActiveCfg = Debug2|x86
		{C4499BDA-7ED5-4CB6-9B44-E835854D9246}.Debug2|x86.Build.0 = Debug2|x86
		{C4499BDA-7ED5-4CB6-9B44-E835854D9246}.Default|Any CPU.ActiveCfg = Debug|x86
		{C4499BDA-7ED5-4CB6-9B44-E835854D9246}.Default|Mixed Platforms.ActiveCfg = Debug|x86
		{C4499BDA-7ED5-4CB6-9B44-E835854D9246}.Default|Mixed Platforms.Build.0 = Debug|x86
		{C4499BDA-7ED5-4CB6-9B44-E835854D9246}.Default|x86.ActiveCfg = Debug|x86
		{C4499BDA-7ED5-4CB6-9B44-E835854D9246}.Default|x86.Build.0 = Debug|x86
		{C4499BDA-7ED5-4CB6-9B44-E835854D9246}.Pre|Any CPU.ActiveCfg = Pre|x86
		{C4499BDA-7ED5-4CB6-9B44-E835854D9246}.Pre|Mixed Platforms.ActiveCfg = Pre|x86
		{C4499BDA-7ED5-4CB6-9B44-E835854D9246}.Pre|Mixed Platforms.Build.0 = Pre|x86
		{C4499BDA-7ED5-4CB6-9B44-E835854D9246}.Pre|x86.ActiveCfg = Pre|x86
		{C4499BDA-7ED5-4CB6-9B44-E835854D9246}.Pre|x86.Build.0 = Pre|x86
		{C4499BDA-7ED5-4CB6-9B44-E835854D9246}.PS|Any CPU.ActiveCfg = PS|x86
		{C4499BDA-7ED5-4CB6-9B44-E835854D9246}.PS|Mixed Platforms.ActiveCfg = PS|x86
		{C4499BDA-7ED5-4CB6-9B44-E835854D9246}.PS|Mixed Platforms.Build.0 = PS|x86
		{C4499BDA-7ED5-4CB6-9B44-E835854D9246}.PS|x86.ActiveCfg = PS|x86
		{C4499BDA-7ED5-4CB6-9B44-E835854D9246}.PS|x86.Build.0 = PS|x86
		{C4499BDA-7ED5-4CB6-9B44-E835854D9246}.Release|Any CPU.ActiveCfg = Release|x86
		{C4499BDA-7ED5-4CB6-9B44-E835854D9246}.Release|Mixed Platforms.ActiveCfg = Release|x86
		{C4499BDA-7ED5-4CB6-9B44-E835854D9246}.Release|Mixed Platforms.Build.0 = Release|x86
		{C4499BDA-7ED5-4CB6-9B44-E835854D9246}.Release|x86.ActiveCfg = Release|x86
		{C4499BDA-7ED5-4CB6-9B44-E835854D9246}.Release|x86.Build.0 = Release|x86
		{C4499BDA-7ED5-4CB6-9B44-E835854D9246}.Run Debug|Any CPU.ActiveCfg = Run Debug|x86
		{C4499BDA-7ED5-4CB6-9B44-E835854D9246}.Run Debug|Mixed Platforms.ActiveCfg = Debug|x86
		{C4499BDA-7ED5-4CB6-9B44-E835854D9246}.Run Debug|x86.ActiveCfg = Run Debug|x86
		{C4499BDA-7ED5-4CB6-9B44-E835854D9246}.Run Debug|x86.Build.0 = Run Debug|x86
		{C4499BDA-7ED5-4CB6-9B44-E835854D9246}.TMPS|Any CPU.ActiveCfg = TMPS|x86
		{C4499BDA-7ED5-4CB6-9B44-E835854D9246}.TMPS|Mixed Platforms.ActiveCfg = TMPS|x86
		{C4499BDA-7ED5-4CB6-9B44-E835854D9246}.TMPS|Mixed Platforms.Build.0 = TMPS|x86
		{C4499BDA-7ED5-4CB6-9B44-E835854D9246}.TMPS|x86.ActiveCfg = TMPS|x86
		{C4499BDA-7ED5-4CB6-9B44-E835854D9246}.TMPS|x86.Build.0 = TMPS|x86
		{E7EDAFD6-1DD3-4D85-806A-20340032D2A9}.Debug|Any CPU.ActiveCfg = Debug|Any CPU
		{E7EDAFD6-1DD3-4D85-806A-20340032D2A9}.Debug|Any CPU.Build.0 = Debug|Any CPU
		{E7EDAFD6-1DD3-4D85-806A-20340032D2A9}.Debug|Mixed Platforms.ActiveCfg = Debug|Any CPU
		{E7EDAFD6-1DD3-4D85-806A-20340032D2A9}.Debug|Mixed Platforms.Build.0 = Debug|Any CPU
		{E7EDAFD6-1DD3-4D85-806A-20340032D2A9}.Debug|x86.ActiveCfg = Debug|Any CPU
		{E7EDAFD6-1DD3-4D85-806A-20340032D2A9}.Debug2|Any CPU.ActiveCfg = Debug|Any CPU
		{E7EDAFD6-1DD3-4D85-806A-20340032D2A9}.Debug2|Mixed Platforms.ActiveCfg = Debug|Any CPU
		{E7EDAFD6-1DD3-4D85-806A-20340032D2A9}.Debug2|x86.ActiveCfg = Debug|Any CPU
		{E7EDAFD6-1DD3-4D85-806A-20340032D2A9}.Default|Any CPU.ActiveCfg = Debug|Any CPU
		{E7EDAFD6-1DD3-4D85-806A-20340032D2A9}.Default|Any CPU.Build.0 = Debug|Any CPU
		{E7EDAFD6-1DD3-4D85-806A-20340032D2A9}.Default|Mixed Platforms.ActiveCfg = Debug|Any CPU
		{E7EDAFD6-1DD3-4D85-806A-20340032D2A9}.Default|Mixed Platforms.Build.0 = Debug|Any CPU
		{E7EDAFD6-1DD3-4D85-806A-20340032D2A9}.Default|x86.ActiveCfg = Debug|Any CPU
		{E7EDAFD6-1DD3-4D85-806A-20340032D2A9}.Pre|Any CPU.ActiveCfg = Release|Any CPU
		{E7EDAFD6-1DD3-4D85-806A-20340032D2A9}.Pre|Mixed Platforms.ActiveCfg = Release|Any CPU
		{E7EDAFD6-1DD3-4D85-806A-20340032D2A9}.Pre|x86.ActiveCfg = Release|Any CPU
		{E7EDAFD6-1DD3-4D85-806A-20340032D2A9}.PS|Any CPU.ActiveCfg = Release|Any CPU
		{E7EDAFD6-1DD3-4D85-806A-20340032D2A9}.PS|Mixed Platforms.ActiveCfg = Release|Any CPU
		{E7EDAFD6-1DD3-4D85-806A-20340032D2A9}.PS|x86.ActiveCfg = Release|Any CPU
		{E7EDAFD6-1DD3-4D85-806A-20340032D2A9}.Release|Any CPU.ActiveCfg = Release|Any CPU
		{E7EDAFD6-1DD3-4D85-806A-20340032D2A9}.Release|Any CPU.Build.0 = Release|Any CPU
		{E7EDAFD6-1DD3-4D85-806A-20340032D2A9}.Release|Mixed Platforms.ActiveCfg = Release|Any CPU
		{E7EDAFD6-1DD3-4D85-806A-20340032D2A9}.Release|Mixed Platforms.Build.0 = Release|Any CPU
		{E7EDAFD6-1DD3-4D85-806A-20340032D2A9}.Release|x86.ActiveCfg = Release|Any CPU
		{E7EDAFD6-1DD3-4D85-806A-20340032D2A9}.Run Debug|Any CPU.ActiveCfg = Debug|Any CPU
		{E7EDAFD6-1DD3-4D85-806A-20340032D2A9}.Run Debug|Mixed Platforms.ActiveCfg = Debug|Any CPU
		{E7EDAFD6-1DD3-4D85-806A-20340032D2A9}.Run Debug|x86.ActiveCfg = Debug|Any CPU
		{E7EDAFD6-1DD3-4D85-806A-20340032D2A9}.TMPS|Any CPU.ActiveCfg = Release|Any CPU
		{E7EDAFD6-1DD3-4D85-806A-20340032D2A9}.TMPS|Mixed Platforms.ActiveCfg = Release|Any CPU
		{E7EDAFD6-1DD3-4D85-806A-20340032D2A9}.TMPS|x86.ActiveCfg = Release|Any CPU
		{437CDD05-6DF9-46CB-95C0-36774B10AACB}.Debug|Any CPU.ActiveCfg = Debug|Any CPU
		{437CDD05-6DF9-46CB-95C0-36774B10AACB}.Debug|Any CPU.Build.0 = Debug|Any CPU
		{437CDD05-6DF9-46CB-95C0-36774B10AACB}.Debug|Mixed Platforms.ActiveCfg = Debug|Any CPU
		{437CDD05-6DF9-46CB-95C0-36774B10AACB}.Debug|Mixed Platforms.Build.0 = Debug|Any CPU
		{437CDD05-6DF9-46CB-95C0-36774B10AACB}.Debug|x86.ActiveCfg = Debug|Any CPU
		{437CDD05-6DF9-46CB-95C0-36774B10AACB}.Debug2|Any CPU.ActiveCfg = Debug|Any CPU
		{437CDD05-6DF9-46CB-95C0-36774B10AACB}.Debug2|Mixed Platforms.ActiveCfg = Debug|Any CPU
		{437CDD05-6DF9-46CB-95C0-36774B10AACB}.Debug2|x86.ActiveCfg = Debug|Any CPU
		{437CDD05-6DF9-46CB-95C0-36774B10AACB}.Default|Any CPU.ActiveCfg = Debug|Any CPU
		{437CDD05-6DF9-46CB-95C0-36774B10AACB}.Default|Any CPU.Build.0 = Debug|Any CPU
		{437CDD05-6DF9-46CB-95C0-36774B10AACB}.Default|Mixed Platforms.ActiveCfg = Debug|Any CPU
		{437CDD05-6DF9-46CB-95C0-36774B10AACB}.Default|Mixed Platforms.Build.0 = Debug|Any CPU
		{437CDD05-6DF9-46CB-95C0-36774B10AACB}.Default|x86.ActiveCfg = Debug|Any CPU
		{437CDD05-6DF9-46CB-95C0-36774B10AACB}.Pre|Any CPU.ActiveCfg = Release|Any CPU
		{437CDD05-6DF9-46CB-95C0-36774B10AACB}.Pre|Mixed Platforms.ActiveCfg = Release|Any CPU
		{437CDD05-6DF9-46CB-95C0-36774B10AACB}.Pre|x86.ActiveCfg = Release|Any CPU
		{437CDD05-6DF9-46CB-95C0-36774B10AACB}.PS|Any CPU.ActiveCfg = Release|Any CPU
		{437CDD05-6DF9-46CB-95C0-36774B10AACB}.PS|Mixed Platforms.ActiveCfg = Release|Any CPU
		{437CDD05-6DF9-46CB-95C0-36774B10AACB}.PS|x86.ActiveCfg = Release|Any CPU
		{437CDD05-6DF9-46CB-95C0-36774B10AACB}.Release|Any CPU.ActiveCfg = Release|Any CPU
		{437CDD05-6DF9-46CB-95C0-36774B10AACB}.Release|Any CPU.Build.0 = Release|Any CPU
		{437CDD05-6DF9-46CB-95C0-36774B10AACB}.Release|Mixed Platforms.ActiveCfg = Release|Any CPU
		{437CDD05-6DF9-46CB-95C0-36774B10AACB}.Release|Mixed Platforms.Build.0 = Release|Any CPU
		{437CDD05-6DF9-46CB-95C0-36774B10AACB}.Release|x86.ActiveCfg = Release|Any CPU
		{437CDD05-6DF9-46CB-95C0-36774B10AACB}.Run Debug|Any CPU.ActiveCfg = Debug|Any CPU
		{437CDD05-6DF9-46CB-95C0-36774B10AACB}.Run Debug|Mixed Platforms.ActiveCfg = Debug|Any CPU
		{437CDD05-6DF9-46CB-95C0-36774B10AACB}.Run Debug|x86.ActiveCfg = Debug|Any CPU
		{437CDD05-6DF9-46CB-95C0-36774B10AACB}.TMPS|Any CPU.ActiveCfg = Release|Any CPU
		{437CDD05-6DF9-46CB-95C0-36774B10AACB}.TMPS|Mixed Platforms.ActiveCfg = Release|Any CPU
		{437CDD05-6DF9-46CB-95C0-36774B10AACB}.TMPS|x86.ActiveCfg = Release|Any CPU
		{80A9E08A-13F3-4721-9849-C55167FE21A5}.Debug|Any CPU.ActiveCfg = Debug|Any CPU
		{80A9E08A-13F3-4721-9849-C55167FE21A5}.Debug|Any CPU.Build.0 = Debug|Any CPU
		{80A9E08A-13F3-4721-9849-C55167FE21A5}.Debug|Mixed Platforms.ActiveCfg = Debug|Any CPU
		{80A9E08A-13F3-4721-9849-C55167FE21A5}.Debug|Mixed Platforms.Build.0 = Debug|Any CPU
		{80A9E08A-13F3-4721-9849-C55167FE21A5}.Debug|x86.ActiveCfg = Debug|Any CPU
		{80A9E08A-13F3-4721-9849-C55167FE21A5}.Debug2|Any CPU.ActiveCfg = Debug|Any CPU
		{80A9E08A-13F3-4721-9849-C55167FE21A5}.Debug2|Mixed Platforms.ActiveCfg = Debug|Any CPU
		{80A9E08A-13F3-4721-9849-C55167FE21A5}.Debug2|x86.ActiveCfg = Debug|Any CPU
		{80A9E08A-13F3-4721-9849-C55167FE21A5}.Default|Any CPU.ActiveCfg = Debug|Any CPU
		{80A9E08A-13F3-4721-9849-C55167FE21A5}.Default|Any CPU.Build.0 = Debug|Any CPU
		{80A9E08A-13F3-4721-9849-C55167FE21A5}.Default|Mixed Platforms.ActiveCfg = Debug|Any CPU
		{80A9E08A-13F3-4721-9849-C55167FE21A5}.Default|Mixed Platforms.Build.0 = Debug|Any CPU
		{80A9E08A-13F3-4721-9849-C55167FE21A5}.Default|x86.ActiveCfg = Debug|Any CPU
		{80A9E08A-13F3-4721-9849-C55167FE21A5}.Pre|Any CPU.ActiveCfg = Release|Any CPU
		{80A9E08A-13F3-4721-9849-C55167FE21A5}.Pre|Mixed Platforms.ActiveCfg = Release|Any CPU
		{80A9E08A-13F3-4721-9849-C55167FE21A5}.Pre|x86.ActiveCfg = Release|Any CPU
		{80A9E08A-13F3-4721-9849-C55167FE21A5}.PS|Any CPU.ActiveCfg = Release|Any CPU
		{80A9E08A-13F3-4721-9849-C55167FE21A5}.PS|Mixed Platforms.ActiveCfg = Release|Any CPU
		{80A9E08A-13F3-4721-9849-C55167FE21A5}.PS|x86.ActiveCfg = Release|Any CPU
		{80A9E08A-13F3-4721-9849-C55167FE21A5}.Release|Any CPU.ActiveCfg = Release|Any CPU
		{80A9E08A-13F3-4721-9849-C55167FE21A5}.Release|Any CPU.Build.0 = Release|Any CPU
		{80A9E08A-13F3-4721-9849-C55167FE21A5}.Release|Mixed Platforms.ActiveCfg = Release|Any CPU
		{80A9E08A-13F3-4721-9849-C55167FE21A5}.Release|Mixed Platforms.Build.0 = Release|Any CPU
		{80A9E08A-13F3-4721-9849-C55167FE21A5}.Release|x86.ActiveCfg = Release|Any CPU
		{80A9E08A-13F3-4721-9849-C55167FE21A5}.Run Debug|Any CPU.ActiveCfg = Debug|Any CPU
		{80A9E08A-13F3-4721-9849-C55167FE21A5}.Run Debug|Mixed Platforms.ActiveCfg = Debug|Any CPU
		{80A9E08A-13F3-4721-9849-C55167FE21A5}.Run Debug|x86.ActiveCfg = Debug|Any CPU
		{80A9E08A-13F3-4721-9849-C55167FE21A5}.TMPS|Any CPU.ActiveCfg = Release|Any CPU
		{80A9E08A-13F3-4721-9849-C55167FE21A5}.TMPS|Mixed Platforms.ActiveCfg = Release|Any CPU
		{80A9E08A-13F3-4721-9849-C55167FE21A5}.TMPS|x86.ActiveCfg = Release|Any CPU
		{27246D0E-BF23-4315-A946-EA8C93D9BFF1}.Debug|Any CPU.ActiveCfg = Debug|Any CPU
		{27246D0E-BF23-4315-A946-EA8C93D9BFF1}.Debug|Any CPU.Build.0 = Debug|Any CPU
		{27246D0E-BF23-4315-A946-EA8C93D9BFF1}.Debug|Mixed Platforms.ActiveCfg = Debug|Any CPU
		{27246D0E-BF23-4315-A946-EA8C93D9BFF1}.Debug|Mixed Platforms.Build.0 = Debug|Any CPU
		{27246D0E-BF23-4315-A946-EA8C93D9BFF1}.Debug|x86.ActiveCfg = Debug|Any CPU
		{27246D0E-BF23-4315-A946-EA8C93D9BFF1}.Debug2|Any CPU.ActiveCfg = Debug|Any CPU
		{27246D0E-BF23-4315-A946-EA8C93D9BFF1}.Debug2|Mixed Platforms.ActiveCfg = Debug|Any CPU
		{27246D0E-BF23-4315-A946-EA8C93D9BFF1}.Debug2|x86.ActiveCfg = Debug|Any CPU
		{27246D0E-BF23-4315-A946-EA8C93D9BFF1}.Default|Any CPU.ActiveCfg = Debug|Any CPU
		{27246D0E-BF23-4315-A946-EA8C93D9BFF1}.Default|Any CPU.Build.0 = Debug|Any CPU
		{27246D0E-BF23-4315-A946-EA8C93D9BFF1}.Default|Mixed Platforms.ActiveCfg = Debug|Any CPU
		{27246D0E-BF23-4315-A946-EA8C93D9BFF1}.Default|Mixed Platforms.Build.0 = Debug|Any CPU
		{27246D0E-BF23-4315-A946-EA8C93D9BFF1}.Default|x86.ActiveCfg = Debug|Any CPU
		{27246D0E-BF23-4315-A946-EA8C93D9BFF1}.Pre|Any CPU.ActiveCfg = Release|Any CPU
		{27246D0E-BF23-4315-A946-EA8C93D9BFF1}.Pre|Mixed Platforms.ActiveCfg = Release|Any CPU
		{27246D0E-BF23-4315-A946-EA8C93D9BFF1}.Pre|x86.ActiveCfg = Release|Any CPU
		{27246D0E-BF23-4315-A946-EA8C93D9BFF1}.PS|Any CPU.ActiveCfg = Release|Any CPU
		{27246D0E-BF23-4315-A946-EA8C93D9BFF1}.PS|Mixed Platforms.ActiveCfg = Release|Any CPU
		{27246D0E-BF23-4315-A946-EA8C93D9BFF1}.PS|x86.ActiveCfg = Release|Any CPU
		{27246D0E-BF23-4315-A946-EA8C93D9BFF1}.Release|Any CPU.ActiveCfg = Release|Any CPU
		{27246D0E-BF23-4315-A946-EA8C93D9BFF1}.Release|Any CPU.Build.0 = Release|Any CPU
		{27246D0E-BF23-4315-A946-EA8C93D9BFF1}.Release|Mixed Platforms.ActiveCfg = Release|Any CPU
		{27246D0E-BF23-4315-A946-EA8C93D9BFF1}.Release|Mixed Platforms.Build.0 = Release|Any CPU
		{27246D0E-BF23-4315-A946-EA8C93D9BFF1}.Release|x86.ActiveCfg = Release|Any CPU
		{27246D0E-BF23-4315-A946-EA8C93D9BFF1}.Run Debug|Any CPU.ActiveCfg = Debug|Any CPU
		{27246D0E-BF23-4315-A946-EA8C93D9BFF1}.Run Debug|Mixed Platforms.ActiveCfg = Debug|Any CPU
		{27246D0E-BF23-4315-A946-EA8C93D9BFF1}.Run Debug|x86.ActiveCfg = Debug|Any CPU
		{27246D0E-BF23-4315-A946-EA8C93D9BFF1}.TMPS|Any CPU.ActiveCfg = Release|Any CPU
		{27246D0E-BF23-4315-A946-EA8C93D9BFF1}.TMPS|Mixed Platforms.ActiveCfg = Release|Any CPU
		{27246D0E-BF23-4315-A946-EA8C93D9BFF1}.TMPS|x86.ActiveCfg = Release|Any CPU
	EndGlobalSection
	GlobalSection(SolutionProperties) = preSolution
		HideSolutionNode = FALSE
	EndGlobalSection
	GlobalSection(MonoDevelopProperties) = preSolution
		StartupItem = DbUp\DbUp.csproj
	EndGlobalSection
EndGlobal
